
Microsoft Visual Studio Solution File, Format Version 12.00
# Visual Studio Version 17
VisualStudioVersion = 17.7.34031.279
MinimumVisualStudioVersion = 10.0.40219.1
Project("{9A19103F-16F7-4668-BE54-9A1E7A4F7556}") = "ApiWeb", "ApiWeb\ApiWeb.csproj", "{392FAEE0-25A4-4FAB-BC4C-77B2D204C3B5}"
EndProject
Project("{2150E333-8FDC-42A3-9474-1A3956D46DE8}") = "01 Api", "01 Api", "{8B76EA61-1D5D-41C5-B294-9879E0F067FA}"
EndProject
Project("{2150E333-8FDC-42A3-9474-1A3956D46DE8}") = "02 Business", "02 Business", "{C2A3000E-B925-4D39-93AC-76A6E6261DEE}"
EndProject
Project("{2150E333-8FDC-42A3-9474-1A3956D46DE8}") = "03 Service", "03 Service", "{09720CE0-723B-4F17-ABDD-42A97887B454}"
EndProject
Project("{2150E333-8FDC-42A3-9474-1A3956D46DE8}") = "04 Repository", "04 Repository", "{EBAF2DCA-A63A-44B2-8ACA-9A998FA189AB}"
EndProject
Project("{2150E333-8FDC-42A3-9474-1A3956D46DE8}") = "05 Model", "05 Model", "{A53372E2-B96B-43D4-A518-C2B5332B3C74}"
EndProject
Project("{2150E333-8FDC-42A3-9474-1A3956D46DE8}") = "06 Utility", "06 Utility", "{D0052A29-E009-40D7-BF37-0204860F1F6C}"
EndProject
Project("{2150E333-8FDC-42A3-9474-1A3956D46DE8}") = "07 Document", "07 Document", "{3F88154F-2BCA-449B-AD25-A88766F7E82D}"
EndProject
Project("{9A19103F-16F7-4668-BE54-9A1E7A4F7556}") = "Business", "Business\Business.csproj", "{A2C8A28C-568A-42C2-868E-DD8B86385D44}"
EndProject
Project("{9A19103F-16F7-4668-BE54-9A1E7A4F7556}") = "IBusiness", "IBusiness\IBusiness.csproj", "{051703A2-329D-4951-8174-16E3A8BA7C81}"
EndProject
Project("{9A19103F-16F7-4668-BE54-9A1E7A4F7556}") = "Service", "Service\Service.csproj", "{12F722F4-A8CE-4DDD-814B-3AB67A21DE68}"
EndProject
Project("{9A19103F-16F7-4668-BE54-9A1E7A4F7556}") = "IService", "IService\IService.csproj", "{B197D085-8D82-42D8-8AEB-D00235C5240F}"
EndProject
Project("{9A19103F-16F7-4668-BE54-9A1E7A4F7556}") = "IRepository", "IRepository\IRepository.csproj", "{5CDE3750-8FB8-4F09-8B20-277F8DC9ADB2}"
EndProject
Project("{9A19103F-16F7-4668-BE54-9A1E7A4F7556}") = "Repository", "Repository\Repository.csproj", "{E852EE80-A38A-49E7-8ABB-030D7A57C4EE}"
EndProject
Project("{9A19103F-16F7-4668-BE54-9A1E7A4F7556}") = "CommonModel", "CommonModel\CommonModel.csproj", "{106BF19E-3931-4EB5-AB0A-F8451C222B7C}"
EndProject
Project("{9A19103F-16F7-4668-BE54-9A1E7A4F7556}") = "DBZapateriaDLopezModel", "DBZapateriaDLopezModel\DBZapateriaDLopezModel.csproj", "{33F50B29-00E5-4AC3-855F-7250981160A9}"
EndProject
Project("{9A19103F-16F7-4668-BE54-9A1E7A4F7556}") = "RequestResponseModel", "RequestResponseModel\RequestResponseModel.csproj", "{68BFED53-F58E-4856-9629-24387F3FA87E}"
EndProject
Project("{9A19103F-16F7-4668-BE54-9A1E7A4F7556}") = "AutoMapperUtility", "AutoMapperUtility\AutoMapperUtility.csproj", "{F23B6252-1C07-41FD-8652-F06BDBB4EFE5}"
EndProject
Project("{9A19103F-16F7-4668-BE54-9A1E7A4F7556}") = "SecurityUtility", "SecurityUtility\SecurityUtility.csproj", "{BEC2A925-5E78-4E13-A130-FAEDA5136DE3}"
EndProject
Project("{9A19103F-16F7-4668-BE54-9A1E7A4F7556}") = "ConstantUtility", "ConstantUtility\ConstantUtility.csproj", "{2A889D00-2B75-4701-99F2-4D00D791E2D8}"
EndProject
Project("{9A19103F-16F7-4668-BE54-9A1E7A4F7556}") = "ExcelUtility", "ExcelUtility\ExcelUtility.csproj", "{AAF36BEA-FEA1-4460-B349-80F0B72141E5}"
EndProject
Project("{9A19103F-16F7-4668-BE54-9A1E7A4F7556}") = "PDFUtility", "PDFUtility\PDFUtility.csproj", "{076BDFDE-9129-463E-88D9-7BE94016D535}"
EndProject
Global
	GlobalSection(SolutionConfigurationPlatforms) = preSolution
		Debug|Any CPU = Debug|Any CPU
		Release|Any CPU = Release|Any CPU
	EndGlobalSection
	GlobalSection(ProjectConfigurationPlatforms) = postSolution
		{392FAEE0-25A4-4FAB-BC4C-77B2D204C3B5}.Debug|Any CPU.ActiveCfg = Debug|Any CPU
		{392FAEE0-25A4-4FAB-BC4C-77B2D204C3B5}.Debug|Any CPU.Build.0 = Debug|Any CPU
		{392FAEE0-25A4-4FAB-BC4C-77B2D204C3B5}.Release|Any CPU.ActiveCfg = Release|Any CPU
		{392FAEE0-25A4-4FAB-BC4C-77B2D204C3B5}.Release|Any CPU.Build.0 = Release|Any CPU
		{A2C8A28C-568A-42C2-868E-DD8B86385D44}.Debug|Any CPU.ActiveCfg = Debug|Any CPU
		{A2C8A28C-568A-42C2-868E-DD8B86385D44}.Debug|Any CPU.Build.0 = Debug|Any CPU
		{A2C8A28C-568A-42C2-868E-DD8B86385D44}.Release|Any CPU.ActiveCfg = Release|Any CPU
		{A2C8A28C-568A-42C2-868E-DD8B86385D44}.Release|Any CPU.Build.0 = Release|Any CPU
		{051703A2-329D-4951-8174-16E3A8BA7C81}.Debug|Any CPU.ActiveCfg = Debug|Any CPU
		{051703A2-329D-4951-8174-16E3A8BA7C81}.Debug|Any CPU.Build.0 = Debug|Any CPU
		{051703A2-329D-4951-8174-16E3A8BA7C81}.Release|Any CPU.ActiveCfg = Release|Any CPU
		{051703A2-329D-4951-8174-16E3A8BA7C81}.Release|Any CPU.Build.0 = Release|Any CPU
		{12F722F4-A8CE-4DDD-814B-3AB67A21DE68}.Debug|Any CPU.ActiveCfg = Debug|Any CPU
		{12F722F4-A8CE-4DDD-814B-3AB67A21DE68}.Debug|Any CPU.Build.0 = Debug|Any CPU
		{12F722F4-A8CE-4DDD-814B-3AB67A21DE68}.Release|Any CPU.ActiveCfg = Release|Any CPU
		{12F722F4-A8CE-4DDD-814B-3AB67A21DE68}.Release|Any CPU.Build.0 = Release|Any CPU
		{B197D085-8D82-42D8-8AEB-D00235C5240F}.Debug|Any CPU.ActiveCfg = Debug|Any CPU
		{B197D085-8D82-42D8-8AEB-D00235C5240F}.Debug|Any CPU.Build.0 = Debug|Any CPU
		{B197D085-8D82-42D8-8AEB-D00235C5240F}.Release|Any CPU.ActiveCfg = Release|Any CPU
		{B197D085-8D82-42D8-8AEB-D00235C5240F}.Release|Any CPU.Build.0 = Release|Any CPU
		{5CDE3750-8FB8-4F09-8B20-277F8DC9ADB2}.Debug|Any CPU.ActiveCfg = Debug|Any CPU
		{5CDE3750-8FB8-4F09-8B20-277F8DC9ADB2}.Debug|Any CPU.Build.0 = Debug|Any CPU
		{5CDE3750-8FB8-4F09-8B20-277F8DC9ADB2}.Release|Any CPU.ActiveCfg = Release|Any CPU
		{5CDE3750-8FB8-4F09-8B20-277F8DC9ADB2}.Release|Any CPU.Build.0 = Release|Any CPU
		{E852EE80-A38A-49E7-8ABB-030D7A57C4EE}.Debug|Any CPU.ActiveCfg = Debug|Any CPU
		{E852EE80-A38A-49E7-8ABB-030D7A57C4EE}.Debug|Any CPU.Build.0 = Debug|Any CPU
		{E852EE80-A38A-49E7-8ABB-030D7A57C4EE}.Release|Any CPU.ActiveCfg = Release|Any CPU
		{E852EE80-A38A-49E7-8ABB-030D7A57C4EE}.Release|Any CPU.Build.0 = Release|Any CPU
		{106BF19E-3931-4EB5-AB0A-F8451C222B7C}.Debug|Any CPU.ActiveCfg = Debug|Any CPU
		{106BF19E-3931-4EB5-AB0A-F8451C222B7C}.Debug|Any CPU.Build.0 = Debug|Any CPU
		{106BF19E-3931-4EB5-AB0A-F8451C222B7C}.Release|Any CPU.ActiveCfg = Release|Any CPU
		{106BF19E-3931-4EB5-AB0A-F8451C222B7C}.Release|Any CPU.Build.0 = Release|Any CPU
		{33F50B29-00E5-4AC3-855F-7250981160A9}.Debug|Any CPU.ActiveCfg = Debug|Any CPU
		{33F50B29-00E5-4AC3-855F-7250981160A9}.Debug|Any CPU.Build.0 = Debug|Any CPU
		{33F50B29-00E5-4AC3-855F-7250981160A9}.Release|Any CPU.ActiveCfg = Release|Any CPU
		{33F50B29-00E5-4AC3-855F-7250981160A9}.Release|Any CPU.Build.0 = Release|Any CPU
		{68BFED53-F58E-4856-9629-24387F3FA87E}.Debug|Any CPU.ActiveCfg = Debug|Any CPU
		{68BFED53-F58E-4856-9629-24387F3FA87E}.Debug|Any CPU.Build.0 = Debug|Any CPU
		{68BFED53-F58E-4856-9629-24387F3FA87E}.Release|Any CPU.ActiveCfg = Release|Any CPU
		{68BFED53-F58E-4856-9629-24387F3FA87E}.Release|Any CPU.Build.0 = Release|Any CPU
		{F23B6252-1C07-41FD-8652-F06BDBB4EFE5}.Debug|Any CPU.ActiveCfg = Debug|Any CPU
		{F23B6252-1C07-41FD-8652-F06BDBB4EFE5}.Debug|Any CPU.Build.0 = Debug|Any CPU
		{F23B6252-1C07-41FD-8652-F06BDBB4EFE5}.Release|Any CPU.ActiveCfg = Release|Any CPU
		{F23B6252-1C07-41FD-8652-F06BDBB4EFE5}.Release|Any CPU.Build.0 = Release|Any CPU
		{BEC2A925-5E78-4E13-A130-FAEDA5136DE3}.Debug|Any CPU.ActiveCfg = Debug|Any CPU
		{BEC2A925-5E78-4E13-A130-FAEDA5136DE3}.Debug|Any CPU.Build.0 = Debug|Any CPU
		{BEC2A925-5E78-4E13-A130-FAEDA5136DE3}.Release|Any CPU.ActiveCfg = Release|Any CPU
		{BEC2A925-5E78-4E13-A130-FAEDA5136DE3}.Release|Any CPU.Build.0 = Release|Any CPU
		{2A889D00-2B75-4701-99F2-4D00D791E2D8}.Debug|Any CPU.ActiveCfg = Debug|Any CPU
		{2A889D00-2B75-4701-99F2-4D00D791E2D8}.Debug|Any CPU.Build.0 = Debug|Any CPU
		{2A889D00-2B75-4701-99F2-4D00D791E2D8}.Release|Any CPU.ActiveCfg = Release|Any CPU
		{2A889D00-2B75-4701-99F2-4D00D791E2D8}.Release|Any CPU.Build.0 = Release|Any CPU
		{AAF36BEA-FEA1-4460-B349-80F0B72141E5}.Debug|Any CPU.ActiveCfg = Debug|Any CPU
		{AAF36BEA-FEA1-4460-B349-80F0B72141E5}.Debug|Any CPU.Build.0 = Debug|Any CPU
		{AAF36BEA-FEA1-4460-B349-80F0B72141E5}.Release|Any CPU.ActiveCfg = Release|Any CPU
		{AAF36BEA-FEA1-4460-B349-80F0B72141E5}.Release|Any CPU.Build.0 = Release|Any CPU
		{076BDFDE-9129-463E-88D9-7BE94016D535}.Debug|Any CPU.ActiveCfg = Debug|Any CPU
		{076BDFDE-9129-463E-88D9-7BE94016D535}.Debug|Any CPU.Build.0 = Debug|Any CPU
		{076BDFDE-9129-463E-88D9-7BE94016D535}.Release|Any CPU.ActiveCfg = Release|Any CPU
		{076BDFDE-9129-463E-88D9-7BE94016D535}.Release|Any CPU.Build.0 = Release|Any CPU
	EndGlobalSection
	GlobalSection(SolutionProperties) = preSolution
		HideSolutionNode = FALSE
	EndGlobalSection
	GlobalSection(NestedProjects) = preSolution
		{392FAEE0-25A4-4FAB-BC4C-77B2D204C3B5} = {8B76EA61-1D5D-41C5-B294-9879E0F067FA}
		{A2C8A28C-568A-42C2-868E-DD8B86385D44} = {C2A3000E-B925-4D39-93AC-76A6E6261DEE}
		{051703A2-329D-4951-8174-16E3A8BA7C81} = {C2A3000E-B925-4D39-93AC-76A6E6261DEE}
		{12F722F4-A8CE-4DDD-814B-3AB67A21DE68} = {09720CE0-723B-4F17-ABDD-42A97887B454}
		{B197D085-8D82-42D8-8AEB-D00235C5240F} = {09720CE0-723B-4F17-ABDD-42A97887B454}
		{5CDE3750-8FB8-4F09-8B20-277F8DC9ADB2} = {EBAF2DCA-A63A-44B2-8ACA-9A998FA189AB}
		{E852EE80-A38A-49E7-8ABB-030D7A57C4EE} = {EBAF2DCA-A63A-44B2-8ACA-9A998FA189AB}
		{106BF19E-3931-4EB5-AB0A-F8451C222B7C} = {A53372E2-B96B-43D4-A518-C2B5332B3C74}
		{33F50B29-00E5-4AC3-855F-7250981160A9} = {A53372E2-B96B-43D4-A518-C2B5332B3C74}
		{68BFED53-F58E-4856-9629-24387F3FA87E} = {A53372E2-B96B-43D4-A518-C2B5332B3C74}
		{F23B6252-1C07-41FD-8652-F06BDBB4EFE5} = {D0052A29-E009-40D7-BF37-0204860F1F6C}
		{BEC2A925-5E78-4E13-A130-FAEDA5136DE3} = {D0052A29-E009-40D7-BF37-0204860F1F6C}
		{2A889D00-2B75-4701-99F2-4D00D791E2D8} = {D0052A29-E009-40D7-BF37-0204860F1F6C}
		{AAF36BEA-FEA1-4460-B349-80F0B72141E5} = {3F88154F-2BCA-449B-AD25-A88766F7E82D}
		{076BDFDE-9129-463E-88D9-7BE94016D535} = {3F88154F-2BCA-449B-AD25-A88766F7E82D}
	EndGlobalSection
	GlobalSection(ExtensibilityGlobals) = postSolution
		SolutionGuid = {8F241F4F-1004-42D4-AE81-1B8EB727E287}
	EndGlobalSection
EndGlobal
